
Microsoft Visual Studio Solution File, Format Version 12.00
# Visual Studio Version 17
VisualStudioVersion = 17.8.34330.188
MinimumVisualStudioVersion = 10.0.40219.1
Project("{FAE04EC0-301F-11D3-BF4B-00C04F79EFBC}") = "Traceability", "Traceability\Traceability.csproj", "{3CF0116A-053F-4907-AF95-08202E84B115}"
EndProject
Global
	GlobalSection(SolutionConfigurationPlatforms) = preSolution
		Debug|Any CPU = Debug|Any CPU
		Release|Any CPU = Release|Any CPU
	EndGlobalSection
	GlobalSection(ProjectConfigurationPlatforms) = postSolution
		{3CF0116A-053F-4907-AF95-08202E84B115}.Debug|Any CPU.ActiveCfg = Debug|Any CPU
		{3CF0116A-053F-4907-AF95-08202E84B115}.Debug|Any CPU.Build.0 = Debug|Any CPU
		{3CF0116A-053F-4907-AF95-08202E84B115}.Release|Any CPU.ActiveCfg = Release|Any CPU
		{3CF0116A-053F-4907-AF95-08202E84B115}.Release|Any CPU.Build.0 = Release|Any CPU
	EndGlobalSection
	GlobalSection(SolutionProperties) = preSolution
		HideSolutionNode = FALSE
	EndGlobalSection
	GlobalSection(ExtensibilityGlobals) = postSolution
		SolutionGuid = {CD764F08-99D3-4CF6-B3F0-52A89614589B}
	EndGlobalSection
EndGlobal
